# STM32CubeMX Project
ProjectManager.ProjectName=HarmonicSineDAC
ProjectManager.MainLocation=Src
ProjectManager.DeviceId=STM32G431RBTx
ProjectManager.Cm7Present=false
ProjectManager.AskForMigrate=true
ProjectManager.BackupPrevious=true
ProjectManager.CompilerToolchain=STM32CubeIDE
ProjectManager.TargetToolchain=STM32CubeIDE
ProjectManager.NoMain=false
ProjectManager.UnderRoot=true
ProjectManager.FunctionList=HAL_DAC_Init,HAL_TIM_Base_Init,HAL_DMA_Init
ProjectManager.ProjectBuild=false

RCC.IPParameters=LSCOFreq_Value,MCOFreq_Value,MCO_Source,PLLSource,PLL_M,PLL_N,PLL_P,PLL_Q,PLL_R,PLLSRC
RCC.MCO_Source=SYSCLK
RCC.PLLSource=RCC_PLLSOURCE_HSI
RCC.PLL_M=1
RCC.PLL_N=8
RCC.PLL_P=2
RCC.PLL_Q=2
RCC.PLL_R=2
RCC.PLLSRC=RCC_PLLSOURCE_HSI

DAC1.Channel1=Enabled
DAC1.Channel1_Trigger=TIM4_TRGO
DAC1.Channel1_DMA=Enabled
DAC1.OutputBuffer1=Enabled

TIM4.Instance=TIM4
TIM4.Mode=TimeBase
TIM4.Prescaler=7999
TIM4.CounterMode=Up
TIM4.Period=1
TIM4.ClockDivision=DIV1
TIM4.AutoReloadPreload=Disable
TIM4.TriggerOut=Update

DMA.Request0=DMA_REQUEST_DAC1_CHANNEL1
DMA.Channel0=DMA1_Channel1
DMA.Direction0=MemoryToPeripheral
DMA.PeriphInc0=Disable
DMA.MemInc0=Enable
DMA.PeriphDataAlignment0=HalfWord
DMA.MemDataAlignment0=HalfWord
DMA.Mode0=Circular
DMA.Priority0=Low

NVIC.DMA1_Channel1_IRQn=true

PinOut.Pin0=PA4
PinOut.Signal0=DAC1_OUT1